// !$*UTF8*$!
{
	archiveVersion = 1;
	classes = {
	};
	objectVersion = 55;
	objects = {

/* Begin PBXBuildFile section */
		02D3717350663536F4D72C12 /* Pods_FirebaseDevProdSwitchTest.framework in Frameworks */ = {isa = PBXBuildFile; fileRef = E76EAB0F0618DF5366B5DB0A /* Pods_FirebaseDevProdSwitchTest.framework */; };
		576353B5288F38D7003C5135 /* AppDelegate.swift in Sources */ = {isa = PBXBuildFile; fileRef = 576353B4288F38D7003C5135 /* AppDelegate.swift */; };
		576353B7288F38D7003C5135 /* SceneDelegate.swift in Sources */ = {isa = PBXBuildFile; fileRef = 576353B6288F38D7003C5135 /* SceneDelegate.swift */; };
		576353B9288F38D7003C5135 /* ViewController.swift in Sources */ = {isa = PBXBuildFile; fileRef = 576353B8288F38D7003C5135 /* ViewController.swift */; };
		576353BC288F38D7003C5135 /* Main.storyboard in Resources */ = {isa = PBXBuildFile; fileRef = 576353BA288F38D7003C5135 /* Main.storyboard */; };
		576353BE288F38D9003C5135 /* Assets.xcassets in Resources */ = {isa = PBXBuildFile; fileRef = 576353BD288F38D9003C5135 /* Assets.xcassets */; };
		576353C1288F38D9003C5135 /* LaunchScreen.storyboard in Resources */ = {isa = PBXBuildFile; fileRef = 576353BF288F38D9003C5135 /* LaunchScreen.storyboard */; };
		576353D9288F5232003C5135 /* GoogleService-Info-Dev.plist in Resources */ = {isa = PBXBuildFile; fileRef = 576353C8288F3A22003C5135 /* GoogleService-Info-Dev.plist */; };
		576353DA288F5235003C5135 /* GoogleService-Info-Prod.plist in Resources */ = {isa = PBXBuildFile; fileRef = 576353D0288F3DB4003C5135 /* GoogleService-Info-Prod.plist */; };
/* End PBXBuildFile section */

/* Begin PBXFileReference section */
		576353B1288F38D7003C5135 /* FirebaseDevProdSwitchTest.app */ = {isa = PBXFileReference; explicitFileType = wrapper.application; includeInIndex = 0; path = FirebaseDevProdSwitchTest.app; sourceTree = BUILT_PRODUCTS_DIR; };
		576353B4288F38D7003C5135 /* AppDelegate.swift */ = {isa = PBXFileReference; lastKnownFileType = sourcecode.swift; path = AppDelegate.swift; sourceTree = "<group>"; };
		576353B6288F38D7003C5135 /* SceneDelegate.swift */ = {isa = PBXFileReference; lastKnownFileType = sourcecode.swift; path = SceneDelegate.swift; sourceTree = "<group>"; };
		576353B8288F38D7003C5135 /* ViewController.swift */ = {isa = PBXFileReference; lastKnownFileType = sourcecode.swift; path = ViewController.swift; sourceTree = "<group>"; };
		576353BB288F38D7003C5135 /* Base */ = {isa = PBXFileReference; lastKnownFileType = file.storyboard; name = Base; path = Base.lproj/Main.storyboard; sourceTree = "<group>"; };
		576353BD288F38D9003C5135 /* Assets.xcassets */ = {isa = PBXFileReference; lastKnownFileType = folder.assetcatalog; path = Assets.xcassets; sourceTree = "<group>"; };
		576353C0288F38D9003C5135 /* Base */ = {isa = PBXFileReference; lastKnownFileType = file.storyboard; name = Base; path = Base.lproj/LaunchScreen.storyboard; sourceTree = "<group>"; };
		576353C2288F38D9003C5135 /* Info.plist */ = {isa = PBXFileReference; lastKnownFileType = text.plist.xml; path = Info.plist; sourceTree = "<group>"; };
		576353C8288F3A22003C5135 /* GoogleService-Info-Dev.plist */ = {isa = PBXFileReference; fileEncoding = 4; lastKnownFileType = text.plist.xml; path = "GoogleService-Info-Dev.plist"; sourceTree = "<group>"; };
		576353D0288F3DB4003C5135 /* GoogleService-Info-Prod.plist */ = {isa = PBXFileReference; fileEncoding = 4; lastKnownFileType = text.plist.xml; path = "GoogleService-Info-Prod.plist"; sourceTree = "<group>"; };
		5ADD655BFC51955D38904137 /* Pods-FirebaseDevProdSwitchTest.release.xcconfig */ = {isa = PBXFileReference; includeInIndex = 1; lastKnownFileType = text.xcconfig; name = "Pods-FirebaseDevProdSwitchTest.release.xcconfig"; path = "Target Support Files/Pods-FirebaseDevProdSwitchTest/Pods-FirebaseDevProdSwitchTest.release.xcconfig"; sourceTree = "<group>"; };
		7B8222201EE120E971BB7B0B /* Pods-FirebaseDevProdSwitchTest.debug.xcconfig */ = {isa = PBXFileReference; includeInIndex = 1; lastKnownFileType = text.xcconfig; name = "Pods-FirebaseDevProdSwitchTest.debug.xcconfig"; path = "Target Support Files/Pods-FirebaseDevProdSwitchTest/Pods-FirebaseDevProdSwitchTest.debug.xcconfig"; sourceTree = "<group>"; };
		E76EAB0F0618DF5366B5DB0A /* Pods_FirebaseDevProdSwitchTest.framework */ = {isa = PBXFileReference; explicitFileType = wrapper.framework; includeInIndex = 0; path = Pods_FirebaseDevProdSwitchTest.framework; sourceTree = BUILT_PRODUCTS_DIR; };
/* End PBXFileReference section */

/* Begin PBXFrameworksBuildPhase section */
		576353AE288F38D7003C5135 /* Frameworks */ = {
			isa = PBXFrameworksBuildPhase;
			buildActionMask = 2147483647;
			files = (
				02D3717350663536F4D72C12 /* Pods_FirebaseDevProdSwitchTest.framework in Frameworks */,
			);
			runOnlyForDeploymentPostprocessing = 0;
		};
/* End PBXFrameworksBuildPhase section */

/* Begin PBXGroup section */
		576353A8288F38D7003C5135 = {
			isa = PBXGroup;
			children = (
				576353B3288F38D7003C5135 /* FirebaseDevProdSwitchTest */,
				576353B2288F38D7003C5135 /* Products */,
				B8E2C0ADBC6CBAAAFB6D7471 /* Pods */,
				596AF97B27D16287BEA68057 /* Frameworks */,
			);
			sourceTree = "<group>";
		};
		576353B2288F38D7003C5135 /* Products */ = {
			isa = PBXGroup;
			children = (
				576353B1288F38D7003C5135 /* FirebaseDevProdSwitchTest.app */,
			);
			name = Products;
			sourceTree = "<group>";
		};
		576353B3288F38D7003C5135 /* FirebaseDevProdSwitchTest */ = {
			isa = PBXGroup;
			children = (
				576353CA288F3A8A003C5135 /* Resources */,
				576353B4288F38D7003C5135 /* AppDelegate.swift */,
				576353B6288F38D7003C5135 /* SceneDelegate.swift */,
				576353B8288F38D7003C5135 /* ViewController.swift */,
				576353BA288F38D7003C5135 /* Main.storyboard */,
				576353BD288F38D9003C5135 /* Assets.xcassets */,
				576353BF288F38D9003C5135 /* LaunchScreen.storyboard */,
				576353C2288F38D9003C5135 /* Info.plist */,
			);
			path = FirebaseDevProdSwitchTest;
			sourceTree = "<group>";
		};
		576353CA288F3A8A003C5135 /* Resources */ = {
			isa = PBXGroup;
			children = (
				576353CB288F3AAA003C5135 /* FirebaseConfiguration */,
			);
			path = Resources;
			sourceTree = "<group>";
		};
		576353CB288F3AAA003C5135 /* FirebaseConfiguration */ = {
			isa = PBXGroup;
			children = (
				576353CC288F3B9E003C5135 /* Dev */,
				576353CD288F3C2B003C5135 /* Prod */,
			);
			path = FirebaseConfiguration;
			sourceTree = "<group>";
		};
		576353CC288F3B9E003C5135 /* Dev */ = {
			isa = PBXGroup;
			children = (
				576353C8288F3A22003C5135 /* GoogleService-Info-Dev.plist */,
			);
			path = Dev;
			sourceTree = "<group>";
		};
		576353CD288F3C2B003C5135 /* Prod */ = {
			isa = PBXGroup;
			children = (
				576353D0288F3DB4003C5135 /* GoogleService-Info-Prod.plist */,
			);
			path = Prod;
			sourceTree = "<group>";
		};
		596AF97B27D16287BEA68057 /* Frameworks */ = {
			isa = PBXGroup;
			children = (
				E76EAB0F0618DF5366B5DB0A /* Pods_FirebaseDevProdSwitchTest.framework */,
			);
			name = Frameworks;
			sourceTree = "<group>";
		};
		B8E2C0ADBC6CBAAAFB6D7471 /* Pods */ = {
			isa = PBXGroup;
			children = (
				7B8222201EE120E971BB7B0B /* Pods-FirebaseDevProdSwitchTest.debug.xcconfig */,
				5ADD655BFC51955D38904137 /* Pods-FirebaseDevProdSwitchTest.release.xcconfig */,
			);
			path = Pods;
			sourceTree = "<group>";
		};
/* End PBXGroup section */

/* Begin PBXNativeTarget section */
		576353B0288F38D7003C5135 /* FirebaseDevProdSwitchTest */ = {
			isa = PBXNativeTarget;
			buildConfigurationList = 576353C5288F38D9003C5135 /* Build configuration list for PBXNativeTarget "FirebaseDevProdSwitchTest" */;
			buildPhases = (
				2D809A51F61F613ECD8DD59B /* [CP] Check Pods Manifest.lock */,
				576353AD288F38D7003C5135 /* Sources */,
				576353AE288F38D7003C5135 /* Frameworks */,
				576353AF288F38D7003C5135 /* Resources */,
				CC1BA091FDD68B11E7D99ADA /* [CP] Embed Pods Frameworks */,
			);
			buildRules = (
			);
			dependencies = (
			);
			name = FirebaseDevProdSwitchTest;
			productName = FirebaseDevProdSwitchTest;
			productReference = 576353B1288F38D7003C5135 /* FirebaseDevProdSwitchTest.app */;
			productType = "com.apple.product-type.application";
		};
/* End PBXNativeTarget section */

/* Begin PBXProject section */
		576353A9288F38D7003C5135 /* Project object */ = {
			isa = PBXProject;
			attributes = {
				BuildIndependentTargetsInParallel = 1;
				LastSwiftUpdateCheck = 1340;
				LastUpgradeCheck = 1340;
				TargetAttributes = {
					576353B0288F38D7003C5135 = {
						CreatedOnToolsVersion = 13.4;
					};
				};
			};
			buildConfigurationList = 576353AC288F38D7003C5135 /* Build configuration list for PBXProject "FirebaseDevProdSwitchTest" */;
			compatibilityVersion = "Xcode 13.0";
			developmentRegion = en;
			hasScannedForEncodings = 0;
			knownRegions = (
				en,
				Base,
			);
			mainGroup = 576353A8288F38D7003C5135;
			productRefGroup = 576353B2288F38D7003C5135 /* Products */;
			projectDirPath = "";
			projectRoot = "";
			targets = (
				576353B0288F38D7003C5135 /* FirebaseDevProdSwitchTest */,
			);
		};
/* End PBXProject section */

/* Begin PBXResourcesBuildPhase section */
		576353AF288F38D7003C5135 /* Resources */ = {
			isa = PBXResourcesBuildPhase;
			buildActionMask = 2147483647;
			files = (
				576353C1288F38D9003C5135 /* LaunchScreen.storyboard in Resources */,
				576353DA288F5235003C5135 /* GoogleService-Info-Prod.plist in Resources */,
				576353D9288F5232003C5135 /* GoogleService-Info-Dev.plist in Resources */,
				576353BE288F38D9003C5135 /* Assets.xcassets in Resources */,
				576353BC288F38D7003C5135 /* Main.storyboard in Resources */,
			);
			runOnlyForDeploymentPostprocessing = 0;
		};
/* End PBXResourcesBuildPhase section */

/* Begin PBXShellScriptBuildPhase section */
		2D809A51F61F613ECD8DD59B /* [CP] Check Pods Manifest.lock */ = {
			isa = PBXShellScriptBuildPhase;
			buildActionMask = 2147483647;
			files = (
			);
			inputFileListPaths = (
			);
			inputPaths = (
				"${PODS_PODFILE_DIR_PATH}/Podfile.lock",
				"${PODS_ROOT}/Manifest.lock",
			);
			name = "[CP] Check Pods Manifest.lock";
			outputFileListPaths = (
			);
			outputPaths = (
				"$(DERIVED_FILE_DIR)/Pods-FirebaseDevProdSwitchTest-checkManifestLockResult.txt",
			);
			runOnlyForDeploymentPostprocessing = 0;
			shellPath = /bin/sh;
			shellScript = "diff \"${PODS_PODFILE_DIR_PATH}/Podfile.lock\" \"${PODS_ROOT}/Manifest.lock\" > /dev/null\nif [ $? != 0 ] ; then\n    # print error to STDERR\n    echo \"error: The sandbox is not in sync with the Podfile.lock. Run 'pod install' or update your CocoaPods installation.\" >&2\n    exit 1\nfi\n# This output is used by Xcode 'outputs' to avoid re-running this script phase.\necho \"SUCCESS\" > \"${SCRIPT_OUTPUT_FILE_0}\"\n";
			showEnvVarsInLog = 0;
		};
		CC1BA091FDD68B11E7D99ADA /* [CP] Embed Pods Frameworks */ = {
			isa = PBXShellScriptBuildPhase;
			buildActionMask = 2147483647;
			files = (
			);
			inputFileListPaths = (
				"${PODS_ROOT}/Target Support Files/Pods-FirebaseDevProdSwitchTest/Pods-FirebaseDevProdSwitchTest-frameworks-${CONFIGURATION}-input-files.xcfilelist",
			);
			name = "[CP] Embed Pods Frameworks";
			outputFileListPaths = (
				"${PODS_ROOT}/Target Support Files/Pods-FirebaseDevProdSwitchTest/Pods-FirebaseDevProdSwitchTest-frameworks-${CONFIGURATION}-output-files.xcfilelist",
			);
			runOnlyForDeploymentPostprocessing = 0;
			shellPath = /bin/sh;
			shellScript = "\"${PODS_ROOT}/Target Support Files/Pods-FirebaseDevProdSwitchTest/Pods-FirebaseDevProdSwitchTest-frameworks.sh\"\n";
			showEnvVarsInLog = 0;
		};
/* End PBXShellScriptBuildPhase section */

/* Begin PBXSourcesBuildPhase section */
		576353AD288F38D7003C5135 /* Sources */ = {
			isa = PBXSourcesBuildPhase;
			buildActionMask = 2147483647;
			files = (
				576353B9288F38D7003C5135 /* ViewController.swift in Sources */,
				576353B5288F38D7003C5135 /* AppDelegate.swift in Sources */,
				576353B7288F38D7003C5135 /* SceneDelegate.swift in Sources */,
			);
			runOnlyForDeploymentPostprocessing = 0;
		};
/* End PBXSourcesBuildPhase section */

/* Begin PBXVariantGroup section */
		576353BA288F38D7003C5135 /* Main.storyboard */ = {
			isa = PBXVariantGroup;
			children = (
				576353BB288F38D7003C5135 /* Base */,
			);
			name = Main.storyboard;
			sourceTree = "<group>";
		};
		576353BF288F38D9003C5135 /* LaunchScreen.storyboard */ = {
			isa = PBXVariantGroup;
			children = (
				576353C0288F38D9003C5135 /* Base */,
			);
			name = LaunchScreen.storyboard;
			sourceTree = "<group>";
		};
/* End PBXVariantGroup section */

/* Begin XCBuildConfiguration section */
		576353C3288F38D9003C5135 /* Debug */ = {
			isa = XCBuildConfiguration;
			buildSettings = {
				ALWAYS_SEARCH_USER_PATHS = NO;
				CLANG_ANALYZER_NONNULL = YES;
				CLANG_ANALYZER_NUMBER_OBJECT_CONVERSION = YES_AGGRESSIVE;
				CLANG_CXX_LANGUAGE_STANDARD = "gnu++17";
				CLANG_ENABLE_MODULES = YES;
				CLANG_ENABLE_OBJC_ARC = YES;
				CLANG_ENABLE_OBJC_WEAK = YES;
				CLANG_WARN_BLOCK_CAPTURE_AUTORELEASING = YES;
				CLANG_WARN_BOOL_CONVERSION = YES;
				CLANG_WARN_COMMA = YES;
				CLANG_WARN_CONSTANT_CONVERSION = YES;
				CLANG_WARN_DEPRECATED_OBJC_IMPLEMENTATIONS = YES;
				CLANG_WARN_DIRECT_OBJC_ISA_USAGE = YES_ERROR;
				CLANG_WARN_DOCUMENTATION_COMMENTS = YES;
				CLANG_WARN_EMPTY_BODY = YES;
				CLANG_WARN_ENUM_CONVERSION = YES;
				CLANG_WARN_INFINITE_RECURSION = YES;
				CLANG_WARN_INT_CONVERSION = YES;
				CLANG_WARN_NON_LITERAL_NULL_CONVERSION = YES;
				CLANG_WARN_OBJC_IMPLICIT_RETAIN_SELF = YES;
				CLANG_WARN_OBJC_LITERAL_CONVERSION = YES;
				CLANG_WARN_OBJC_ROOT_CLASS = YES_ERROR;
				CLANG_WARN_QUOTED_INCLUDE_IN_FRAMEWORK_HEADER = YES;
				CLANG_WARN_RANGE_LOOP_ANALYSIS = YES;
				CLANG_WARN_STRICT_PROTOTYPES = YES;
				CLANG_WARN_SUSPICIOUS_MOVE = YES;
				CLANG_WARN_UNGUARDED_AVAILABILITY = YES_AGGRESSIVE;
				CLANG_WARN_UNREACHABLE_CODE = YES;
				CLANG_WARN__DUPLICATE_METHOD_MATCH = YES;
				COPY_PHASE_STRIP = NO;
				DEBUG_INFORMATION_FORMAT = dwarf;
				ENABLE_STRICT_OBJC_MSGSEND = YES;
				ENABLE_TESTABILITY = YES;
				GCC_C_LANGUAGE_STANDARD = gnu11;
				GCC_DYNAMIC_NO_PIC = NO;
				GCC_NO_COMMON_BLOCKS = YES;
				GCC_OPTIMIZATION_LEVEL = 0;
				GCC_PREPROCESSOR_DEFINITIONS = (
					"DEBUG=1",
					"$(inherited)",
				);
				GCC_WARN_64_TO_32_BIT_CONVERSION = YES;
				GCC_WARN_ABOUT_RETURN_TYPE = YES_ERROR;
				GCC_WARN_UNDECLARED_SELECTOR = YES;
				GCC_WARN_UNINITIALIZED_AUTOS = YES_AGGRESSIVE;
				GCC_WARN_UNUSED_FUNCTION = YES;
				GCC_WARN_UNUSED_VARIABLE = YES;
				IPHONEOS_DEPLOYMENT_TARGET = 15.5;
				MTL_ENABLE_DEBUG_INFO = INCLUDE_SOURCE;
				MTL_FAST_MATH = YES;
				ONLY_ACTIVE_ARCH = YES;
				SDKROOT = iphoneos;
				SWIFT_ACTIVE_COMPILATION_CONDITIONS = DEBUG;
				SWIFT_OPTIMIZATION_LEVEL = "-Onone";
			};
			name = Debug;
		};
		576353C4288F38D9003C5135 /* Release */ = {
			isa = XCBuildConfiguration;
			buildSettings = {
				ALWAYS_SEARCH_USER_PATHS = NO;
				CLANG_ANALYZER_NONNULL = YES;
				CLANG_ANALYZER_NUMBER_OBJECT_CONVERSION = YES_AGGRESSIVE;
				CLANG_CXX_LANGUAGE_STANDARD = "gnu++17";
				CLANG_ENABLE_MODULES = YES;
				CLANG_ENABLE_OBJC_ARC = YES;
				CLANG_ENABLE_OBJC_WEAK = YES;
				CLANG_WARN_BLOCK_CAPTURE_AUTORELEASING = YES;
				CLANG_WARN_BOOL_CONVERSION = YES;
				CLANG_WARN_COMMA = YES;
				CLANG_WARN_CONSTANT_CONVERSION = YES;
				CLANG_WARN_DEPRECATED_OBJC_IMPLEMENTATIONS = YES;
				CLANG_WARN_DIRECT_OBJC_ISA_USAGE = YES_ERROR;
				CLANG_WARN_DOCUMENTATION_COMMENTS = YES;
				CLANG_WARN_EMPTY_BODY = YES;
				CLANG_WARN_ENUM_CONVERSION = YES;
				CLANG_WARN_INFINITE_RECURSION = YES;
				CLANG_WARN_INT_CONVERSION = YES;
				CLANG_WARN_NON_LITERAL_NULL_CONVERSION = YES;
				CLANG_WARN_OBJC_IMPLICIT_RETAIN_SELF = YES;
				CLANG_WARN_OBJC_LITERAL_CONVERSION = YES;
				CLANG_WARN_OBJC_ROOT_CLASS = YES_ERROR;
				CLANG_WARN_QUOTED_INCLUDE_IN_FRAMEWORK_HEADER = YES;
				CLANG_WARN_RANGE_LOOP_ANALYSIS = YES;
				CLANG_WARN_STRICT_PROTOTYPES = YES;
				CLANG_WARN_SUSPICIOUS_MOVE = YES;
				CLANG_WARN_UNGUARDED_AVAILABILITY = YES_AGGRESSIVE;
				CLANG_WARN_UNREACHABLE_CODE = YES;
				CLANG_WARN__DUPLICATE_METHOD_MATCH = YES;
				COPY_PHASE_STRIP = NO;
				DEBUG_INFORMATION_FORMAT = "dwarf-with-dsym";
				ENABLE_NS_ASSERTIONS = NO;
				ENABLE_STRICT_OBJC_MSGSEND = YES;
				GCC_C_LANGUAGE_STANDARD = gnu11;
				GCC_NO_COMMON_BLOCKS = YES;
				GCC_WARN_64_TO_32_BIT_CONVERSION = YES;
				GCC_WARN_ABOUT_RETURN_TYPE = YES_ERROR;
				GCC_WARN_UNDECLARED_SELECTOR = YES;
				GCC_WARN_UNINITIALIZED_AUTOS = YES_AGGRESSIVE;
				GCC_WARN_UNUSED_FUNCTION = YES;
				GCC_WARN_UNUSED_VARIABLE = YES;
				IPHONEOS_DEPLOYMENT_TARGET = 15.5;
				MTL_ENABLE_DEBUG_INFO = NO;
				MTL_FAST_MATH = YES;
				SDKROOT = iphoneos;
				SWIFT_COMPILATION_MODE = wholemodule;
				SWIFT_OPTIMIZATION_LEVEL = "-O";
				VALIDATE_PRODUCT = YES;
			};
			name = Release;
		};
		576353C6288F38D9003C5135 /* Debug */ = {
			isa = XCBuildConfiguration;
			baseConfigurationReference = 7B8222201EE120E971BB7B0B /* Pods-FirebaseDevProdSwitchTest.debug.xcconfig */;
			buildSettings = {
				ASSETCATALOG_COMPILER_APPICON_NAME = AppIcon;
				ASSETCATALOG_COMPILER_GLOBAL_ACCENT_COLOR_NAME = AccentColor;
				CODE_SIGN_STYLE = Automatic;
				CURRENT_PROJECT_VERSION = 1;
				DEVELOPMENT_TEAM = J4HVETEMJ8;
				GENERATE_INFOPLIST_FILE = YES;
				GOOGLE_SERVICE_INFO_NAME = "GoogleService-Info-Dev";
				INFOPLIST_FILE = FirebaseDevProdSwitchTest/Info.plist;
				INFOPLIST_KEY_UIApplicationSupportsIndirectInputEvents = YES;
				INFOPLIST_KEY_UILaunchStoryboardName = LaunchScreen;
				INFOPLIST_KEY_UIMainStoryboardFile = Main;
				INFOPLIST_KEY_UISupportedInterfaceOrientations_iPad = "UIInterfaceOrientationPortrait UIInterfaceOrientationPortraitUpsideDown UIInterfaceOrientationLandscapeLeft UIInterfaceOrientationLandscapeRight";
				INFOPLIST_KEY_UISupportedInterfaceOrientations_iPhone = "UIInterfaceOrientationPortrait UIInterfaceOrientationLandscapeLeft UIInterfaceOrientationLandscapeRight";
				LD_RUNPATH_SEARCH_PATHS = (
					"$(inherited)",
					"@executable_path/Frameworks",
				);
				MARKETING_VERSION = 1.0;
				PRODUCT_BUNDLE_IDENTIFIER = tarsiciosh.FirebaseDevProdSwitchTest;
				PRODUCT_NAME = "$(TARGET_NAME)";
				SWIFT_EMIT_LOC_STRINGS = YES;
				SWIFT_VERSION = 5.0;
				TARGETED_DEVICE_FAMILY = "1,2";
			};
			name = Debug;
		};
		576353C7288F38D9003C5135 /* Release */ = {
			isa = XCBuildConfiguration;
			baseConfigurationReference = 5ADD655BFC51955D38904137 /* Pods-FirebaseDevProdSwitchTest.release.xcconfig */;
			buildSettings = {
				ASSETCATALOG_COMPILER_APPICON_NAME = AppIcon;
				ASSETCATALOG_COMPILER_GLOBAL_ACCENT_COLOR_NAME = AccentColor;
				CODE_SIGN_STYLE = Automatic;
				CURRENT_PROJECT_VERSION = 1;
				DEVELOPMENT_TEAM = J4HVETEMJ8;
				GENERATE_INFOPLIST_FILE = YES;
				GOOGLE_SERVICE_INFO_NAME = "GoogleService-Info-Dev";
				INFOPLIST_FILE = FirebaseDevProdSwitchTest/Info.plist;
				INFOPLIST_KEY_UIApplicationSupportsIndirectInputEvents = YES;
				INFOPLIST_KEY_UILaunchStoryboardName = LaunchScreen;
				INFOPLIST_KEY_UIMainStoryboardFile = Main;
				INFOPLIST_KEY_UISupportedInterfaceOrientations_iPad = "UIInterfaceOrientationPortrait UIInterfaceOrientationPortraitUpsideDown UIInterfaceOrientationLandscapeLeft UIInterfaceOrientationLandscapeRight";
				INFOPLIST_KEY_UISupportedInterfaceOrientations_iPhone = "UIInterfaceOrientationPortrait UIInterfaceOrientationLandscapeLeft UIInterfaceOrientationLandscapeRight";
				LD_RUNPATH_SEARCH_PATHS = (
					"$(inherited)",
					"@executable_path/Frameworks",
				);
				MARKETING_VERSION = 1.0;
				PRODUCT_BUNDLE_IDENTIFIER = tarsiciosh.FirebaseDevProdSwitchTest;
				PRODUCT_NAME = "$(TARGET_NAME)";
				SWIFT_EMIT_LOC_STRINGS = YES;
				SWIFT_VERSION = 5.0;
				TARGETED_DEVICE_FAMILY = "1,2";
			};
			name = Release;
		};
/* End XCBuildConfiguration section */

/* Begin XCConfigurationList section */
		576353AC288F38D7003C5135 /* Build configuration list for PBXProject "FirebaseDevProdSwitchTest" */ = {
			isa = XCConfigurationList;
			buildConfigurations = (
				576353C3288F38D9003C5135 /* Debug */,
				576353C4288F38D9003C5135 /* Release */,
			);
			defaultConfigurationIsVisible = 0;
			defaultConfigurationName = Release;
		};
		576353C5288F38D9003C5135 /* Build configuration list for PBXNativeTarget "FirebaseDevProdSwitchTest" */ = {
			isa = XCConfigurationList;
			buildConfigurations = (
				576353C6288F38D9003C5135 /* Debug */,
				576353C7288F38D9003C5135 /* Release */,
			);
			defaultConfigurationIsVisible = 0;
			defaultConfigurationName = Release;
		};
/* End XCConfigurationList section */
	};
	rootObject = 576353A9288F38D7003C5135 /* Project object */;
}
